
Microsoft Visual Studio Solution File, Format Version 12.00
# Visual Studio Version 17
VisualStudioVersion = 17.5.002.0
MinimumVisualStudioVersion = 10.0.40219.1
Project("{9A19103F-16F7-4668-BE54-9A1E7A4F7556}") = "portfolio", "portfolio.csproj", "{FB5951BE-CCD0-47CC-824A-24A9080231C4}"
EndProject
Global
	GlobalSection(SolutionConfigurationPlatforms) = preSolution
		Debug|Any CPU = Debug|Any CPU
		Release|Any CPU = Release|Any CPU
	EndGlobalSection
	GlobalSection(ProjectConfigurationPlatforms) = postSolution
		{FB5951BE-CCD0-47CC-824A-24A9080231C4}.Debug|Any CPU.ActiveCfg = Debug|Any CPU
		{FB5951BE-CCD0-47CC-824A-24A9080231C4}.Debug|Any CPU.Build.0 = Debug|Any CPU
		{FB5951BE-CCD0-47CC-824A-24A9080231C4}.Release|Any CPU.ActiveCfg = Release|Any CPU
		{FB5951BE-CCD0-47CC-824A-24A9080231C4}.Release|Any CPU.Build.0 = Release|Any CPU
	EndGlobalSection
	GlobalSection(SolutionProperties) = preSolution
		HideSolutionNode = FALSE
	EndGlobalSection
	GlobalSection(ExtensibilityGlobals) = postSolution
		SolutionGuid = {91FB1F58-D655-4F10-B3AF-C10B29F2B66A}
	EndGlobalSection
EndGlobal
